
Microsoft Visual Studio Solution File, Format Version 12.00
# Visual Studio Version 17
VisualStudioVersion = 17.13.35825.156 d17.13
MinimumVisualStudioVersion = 10.0.40219.1
Project("{FAE04EC0-301F-11D3-BF4B-00C04F79EFBC}") = "Airline_Reservation_Console_System", "Airline_Reservation_Console_System.csproj", "{220F407F-331A-40F4-A886-D52306C5876E}"
EndProject
Global
	GlobalSection(SolutionConfigurationPlatforms) = preSolution
		Debug|Any CPU = Debug|Any CPU
		Release|Any CPU = Release|Any CPU
	EndGlobalSection
	GlobalSection(ProjectConfigurationPlatforms) = postSolution
		{220F407F-331A-40F4-A886-D52306C5876E}.Debug|Any CPU.ActiveCfg = Debug|Any CPU
		{220F407F-331A-40F4-A886-D52306C5876E}.Debug|Any CPU.Build.0 = Debug|Any CPU
		{220F407F-331A-40F4-A886-D52306C5876E}.Release|Any CPU.ActiveCfg = Release|Any CPU
		{220F407F-331A-40F4-A886-D52306C5876E}.Release|Any CPU.Build.0 = Release|Any CPU
	EndGlobalSection
	GlobalSection(SolutionProperties) = preSolution
		HideSolutionNode = FALSE
	EndGlobalSection
	GlobalSection(ExtensibilityGlobals) = postSolution
		SolutionGuid = {348A3278-3185-4B1B-9C7C-65F7D0994538}
	EndGlobalSection
EndGlobal
